
Microsoft Visual Studio Solution File, Format Version 12.00
# Visual Studio 15
VisualStudioVersion = 15.0.28307.757
MinimumVisualStudioVersion = 10.0.40219.1
Project("{9A19103F-16F7-4668-BE54-9A1E7A4F7556}") = "capredv2.backend.api", "capredv2.backend.api\capredv2.backend.api.csproj", "{1A1AAFD2-2E27-49C4-821F-ADC03D1AFBBB}"
EndProject
Project("{2150E333-8FDC-42A3-9474-1A3956D46DE8}") = "src", "src", "{E0883564-461B-422A-9AB4-3373A8A1D0BF}"
EndProject
Project("{2150E333-8FDC-42A3-9474-1A3956D46DE8}") = "tests", "tests", "{A770F2AD-481F-468E-9DDC-528DAE5F4268}"
EndProject
Project("{9A19103F-16F7-4668-BE54-9A1E7A4F7556}") = "capredv2.backend.api.tests", "capredv2.backend.api.tests\capredv2.backend.api.tests.csproj", "{CF5363D6-209B-41EE-A961-84E65FB087B5}"
EndProject
Project("{9A19103F-16F7-4668-BE54-9A1E7A4F7556}") = "capredv2.backend.domain", "capredv2.backend.domain\capredv2.backend.domain.csproj", "{A0CF7BCE-7F20-437B-8575-4620235DD20B}"
EndProject
Project("{9A19103F-16F7-4668-BE54-9A1E7A4F7556}") = "capredv2.backend.domain.tests", "capredv2.backend.domain.tests\capredv2.backend.domain.tests.csproj", "{048B397A-F59E-44D6-B6BE-3A0B4DEDDB4D}"
EndProject
Project("{FAE04EC0-301F-11D3-BF4B-00C04F79EFBC}") = "capredv2.backend.console.processor", "capredv2.backend.console.processor\capredv2.backend.console.processor.csproj", "{FC440633-32C4-40EF-8AFE-D86823F73667}"
EndProject
Global
	GlobalSection(SolutionConfigurationPlatforms) = preSolution
		Debug|Any CPU = Debug|Any CPU
		Release|Any CPU = Release|Any CPU
	EndGlobalSection
	GlobalSection(ProjectConfigurationPlatforms) = postSolution
		{1A1AAFD2-2E27-49C4-821F-ADC03D1AFBBB}.Debug|Any CPU.ActiveCfg = Debug|Any CPU
		{1A1AAFD2-2E27-49C4-821F-ADC03D1AFBBB}.Debug|Any CPU.Build.0 = Debug|Any CPU
		{1A1AAFD2-2E27-49C4-821F-ADC03D1AFBBB}.Release|Any CPU.ActiveCfg = Release|Any CPU
		{1A1AAFD2-2E27-49C4-821F-ADC03D1AFBBB}.Release|Any CPU.Build.0 = Release|Any CPU
		{CF5363D6-209B-41EE-A961-84E65FB087B5}.Debug|Any CPU.ActiveCfg = Debug|Any CPU
		{CF5363D6-209B-41EE-A961-84E65FB087B5}.Debug|Any CPU.Build.0 = Debug|Any CPU
		{CF5363D6-209B-41EE-A961-84E65FB087B5}.Release|Any CPU.ActiveCfg = Release|Any CPU
		{CF5363D6-209B-41EE-A961-84E65FB087B5}.Release|Any CPU.Build.0 = Release|Any CPU
		{A0CF7BCE-7F20-437B-8575-4620235DD20B}.Debug|Any CPU.ActiveCfg = Debug|Any CPU
		{A0CF7BCE-7F20-437B-8575-4620235DD20B}.Debug|Any CPU.Build.0 = Debug|Any CPU
		{A0CF7BCE-7F20-437B-8575-4620235DD20B}.Release|Any CPU.ActiveCfg = Release|Any CPU
		{A0CF7BCE-7F20-437B-8575-4620235DD20B}.Release|Any CPU.Build.0 = Release|Any CPU
		{048B397A-F59E-44D6-B6BE-3A0B4DEDDB4D}.Debug|Any CPU.ActiveCfg = Debug|Any CPU
		{048B397A-F59E-44D6-B6BE-3A0B4DEDDB4D}.Debug|Any CPU.Build.0 = Debug|Any CPU
		{048B397A-F59E-44D6-B6BE-3A0B4DEDDB4D}.Release|Any CPU.ActiveCfg = Release|Any CPU
		{048B397A-F59E-44D6-B6BE-3A0B4DEDDB4D}.Release|Any CPU.Build.0 = Release|Any CPU
		{FC440633-32C4-40EF-8AFE-D86823F73667}.Debug|Any CPU.ActiveCfg = Debug|Any CPU
		{FC440633-32C4-40EF-8AFE-D86823F73667}.Debug|Any CPU.Build.0 = Debug|Any CPU
		{FC440633-32C4-40EF-8AFE-D86823F73667}.Release|Any CPU.ActiveCfg = Release|Any CPU
		{FC440633-32C4-40EF-8AFE-D86823F73667}.Release|Any CPU.Build.0 = Release|Any CPU
	EndGlobalSection
	GlobalSection(SolutionProperties) = preSolution
		HideSolutionNode = FALSE
	EndGlobalSection
	GlobalSection(NestedProjects) = preSolution
		{1A1AAFD2-2E27-49C4-821F-ADC03D1AFBBB} = {E0883564-461B-422A-9AB4-3373A8A1D0BF}
		{CF5363D6-209B-41EE-A961-84E65FB087B5} = {A770F2AD-481F-468E-9DDC-528DAE5F4268}
		{A0CF7BCE-7F20-437B-8575-4620235DD20B} = {E0883564-461B-422A-9AB4-3373A8A1D0BF}
		{048B397A-F59E-44D6-B6BE-3A0B4DEDDB4D} = {A770F2AD-481F-468E-9DDC-528DAE5F4268}
		{FC440633-32C4-40EF-8AFE-D86823F73667} = {E0883564-461B-422A-9AB4-3373A8A1D0BF}
	EndGlobalSection
	GlobalSection(ExtensibilityGlobals) = postSolution
		SolutionGuid = {36869113-79EF-4DE6-8BA5-8ACEDC1052A4}
	EndGlobalSection
EndGlobal
